
Microsoft Visual Studio Solution File, Format Version 12.00
# Visual Studio 15
VisualStudioVersion = 15.0.27428.2037
MinimumVisualStudioVersion = 10.0.40219.1
Project("{9A19103F-16F7-4668-BE54-9A1E7A4F7556}") = "IdSrv4", "IdSrv4\IdSrv4.csproj", "{52D44A65-72C5-4DC9-82D1-7B4D9010A2B8}"
EndProject
Project("{9A19103F-16F7-4668-BE54-9A1E7A4F7556}") = "OidcClient", "OidcClient\OidcClient.csproj", "{CF216FAD-0719-4D01-A4E4-27C6299B8198}"
EndProject
Project("{9A19103F-16F7-4668-BE54-9A1E7A4F7556}") = "SampleApi", "SampleApi\SampleApi.csproj", "{D35692C0-E34A-42FC-A052-7B033B6E328F}"
EndProject
Project("{9A19103F-16F7-4668-BE54-9A1E7A4F7556}") = "Constants", "Constants\Constants.csproj", "{5925D76E-9E98-4940-9A2D-93978D0A3006}"
EndProject
Project("{9A19103F-16F7-4668-BE54-9A1E7A4F7556}") = "ConsoleClientCredentialsFlow", "ConsoleClientCredentialsFlow\ConsoleClientCredentialsFlow.csproj", "{76426671-2B56-47DB-87CD-768FF8A963DF}"
EndProject
Project("{FAE04EC0-301F-11D3-BF4B-00C04F79EFBC}") = "ResourceOwnerPasswordsClient", "ResourceOwnerPasswordsClient\ResourceOwnerPasswordsClient.csproj", "{C1607D24-1D2C-4396-9E0F-EF8B1879FA52}"
EndProject
Project("{FAE04EC0-301F-11D3-BF4B-00C04F79EFBC}") = "MvcClient", "MvcClient\MvcClient.csproj", "{72D7B980-02EF-4B52-B08B-934D99E0D1B9}"
EndProject
Global
	GlobalSection(SolutionConfigurationPlatforms) = preSolution
		Debug|Any CPU = Debug|Any CPU
		Release|Any CPU = Release|Any CPU
	EndGlobalSection
	GlobalSection(ProjectConfigurationPlatforms) = postSolution
		{52D44A65-72C5-4DC9-82D1-7B4D9010A2B8}.Debug|Any CPU.ActiveCfg = Debug|Any CPU
		{52D44A65-72C5-4DC9-82D1-7B4D9010A2B8}.Debug|Any CPU.Build.0 = Debug|Any CPU
		{52D44A65-72C5-4DC9-82D1-7B4D9010A2B8}.Release|Any CPU.ActiveCfg = Release|Any CPU
		{52D44A65-72C5-4DC9-82D1-7B4D9010A2B8}.Release|Any CPU.Build.0 = Release|Any CPU
		{CF216FAD-0719-4D01-A4E4-27C6299B8198}.Debug|Any CPU.ActiveCfg = Debug|Any CPU
		{CF216FAD-0719-4D01-A4E4-27C6299B8198}.Debug|Any CPU.Build.0 = Debug|Any CPU
		{CF216FAD-0719-4D01-A4E4-27C6299B8198}.Release|Any CPU.ActiveCfg = Release|Any CPU
		{CF216FAD-0719-4D01-A4E4-27C6299B8198}.Release|Any CPU.Build.0 = Release|Any CPU
		{D35692C0-E34A-42FC-A052-7B033B6E328F}.Debug|Any CPU.ActiveCfg = Debug|Any CPU
		{D35692C0-E34A-42FC-A052-7B033B6E328F}.Debug|Any CPU.Build.0 = Debug|Any CPU
		{D35692C0-E34A-42FC-A052-7B033B6E328F}.Release|Any CPU.ActiveCfg = Release|Any CPU
		{D35692C0-E34A-42FC-A052-7B033B6E328F}.Release|Any CPU.Build.0 = Release|Any CPU
		{5925D76E-9E98-4940-9A2D-93978D0A3006}.Debug|Any CPU.ActiveCfg = Debug|Any CPU
		{5925D76E-9E98-4940-9A2D-93978D0A3006}.Debug|Any CPU.Build.0 = Debug|Any CPU
		{5925D76E-9E98-4940-9A2D-93978D0A3006}.Release|Any CPU.ActiveCfg = Release|Any CPU
		{5925D76E-9E98-4940-9A2D-93978D0A3006}.Release|Any CPU.Build.0 = Release|Any CPU
		{76426671-2B56-47DB-87CD-768FF8A963DF}.Debug|Any CPU.ActiveCfg = Debug|Any CPU
		{76426671-2B56-47DB-87CD-768FF8A963DF}.Debug|Any CPU.Build.0 = Debug|Any CPU
		{76426671-2B56-47DB-87CD-768FF8A963DF}.Release|Any CPU.ActiveCfg = Release|Any CPU
		{76426671-2B56-47DB-87CD-768FF8A963DF}.Release|Any CPU.Build.0 = Release|Any CPU
		{C1607D24-1D2C-4396-9E0F-EF8B1879FA52}.Debug|Any CPU.ActiveCfg = Debug|Any CPU
		{C1607D24-1D2C-4396-9E0F-EF8B1879FA52}.Debug|Any CPU.Build.0 = Debug|Any CPU
		{C1607D24-1D2C-4396-9E0F-EF8B1879FA52}.Release|Any CPU.ActiveCfg = Release|Any CPU
		{C1607D24-1D2C-4396-9E0F-EF8B1879FA52}.Release|Any CPU.Build.0 = Release|Any CPU
		{72D7B980-02EF-4B52-B08B-934D99E0D1B9}.Debug|Any CPU.ActiveCfg = Debug|Any CPU
		{72D7B980-02EF-4B52-B08B-934D99E0D1B9}.Debug|Any CPU.Build.0 = Debug|Any CPU
		{72D7B980-02EF-4B52-B08B-934D99E0D1B9}.Release|Any CPU.ActiveCfg = Release|Any CPU
		{72D7B980-02EF-4B52-B08B-934D99E0D1B9}.Release|Any CPU.Build.0 = Release|Any CPU
	EndGlobalSection
	GlobalSection(SolutionProperties) = preSolution
		HideSolutionNode = FALSE
	EndGlobalSection
	GlobalSection(ExtensibilityGlobals) = postSolution
		SolutionGuid = {8F180CF7-1B33-4991-88A3-D7E88BC62156}
	EndGlobalSection
EndGlobal
